
Microsoft Visual Studio Solution File, Format Version 12.00
# Visual Studio Version 16
VisualStudioVersion = 16.0.29613.14
MinimumVisualStudioVersion = 10.0.40219.1
Project("{FAE04EC0-301F-11D3-BF4B-00C04F79EFBC}") = "NetworkConveyer", "NetworkConveyer\NetworkConveyer.csproj", "{1468DB64-9780-4EC7-8F21-9B2C3BB89CA4}"
EndProject
Global
	GlobalSection(SolutionConfigurationPlatforms) = preSolution
		Debug|Any CPU = Debug|Any CPU
		Release|Any CPU = Release|Any CPU
	EndGlobalSection
	GlobalSection(ProjectConfigurationPlatforms) = postSolution
		{1468DB64-9780-4EC7-8F21-9B2C3BB89CA4}.Debug|Any CPU.ActiveCfg = Debug|Any CPU
		{1468DB64-9780-4EC7-8F21-9B2C3BB89CA4}.Debug|Any CPU.Build.0 = Debug|Any CPU
		{1468DB64-9780-4EC7-8F21-9B2C3BB89CA4}.Release|Any CPU.ActiveCfg = Release|Any CPU
		{1468DB64-9780-4EC7-8F21-9B2C3BB89CA4}.Release|Any CPU.Build.0 = Release|Any CPU
	EndGlobalSection
	GlobalSection(SolutionProperties) = preSolution
		HideSolutionNode = FALSE
	EndGlobalSection
	GlobalSection(ExtensibilityGlobals) = postSolution
		SolutionGuid = {EC790D81-6DED-4328-A2E9-C3A16D9F52F2}
	EndGlobalSection
EndGlobal
